
Microsoft Visual Studio Solution File, Format Version 12.00
# Visual Studio Version 16
VisualStudioVersion = 16.0.31321.278
MinimumVisualStudioVersion = 10.0.40219.1
Project("{FAE04EC0-301F-11D3-BF4B-00C04F79EFBC}") = "LR4_2_WORK", "LR4_2_WORK\LR4_2_WORK.csproj", "{C5FE21D0-7068-4BE4-9D55-40717D314BDA}"
EndProject
Project("{FAE04EC0-301F-11D3-BF4B-00C04F79EFBC}") = "LR4_2_Test", "LR4_2_Test\LR4_2_Test.csproj", "{5C6D1D3A-4A8D-4988-AEA2-7CEA46314DF5}"
EndProject
Global
	GlobalSection(SolutionConfigurationPlatforms) = preSolution
		Debug|Any CPU = Debug|Any CPU
		Release|Any CPU = Release|Any CPU
	EndGlobalSection
	GlobalSection(ProjectConfigurationPlatforms) = postSolution
		{C5FE21D0-7068-4BE4-9D55-40717D314BDA}.Debug|Any CPU.ActiveCfg = Debug|Any CPU
		{C5FE21D0-7068-4BE4-9D55-40717D314BDA}.Debug|Any CPU.Build.0 = Debug|Any CPU
		{C5FE21D0-7068-4BE4-9D55-40717D314BDA}.Release|Any CPU.ActiveCfg = Release|Any CPU
		{C5FE21D0-7068-4BE4-9D55-40717D314BDA}.Release|Any CPU.Build.0 = Release|Any CPU
		{5C6D1D3A-4A8D-4988-AEA2-7CEA46314DF5}.Debug|Any CPU.ActiveCfg = Debug|Any CPU
		{5C6D1D3A-4A8D-4988-AEA2-7CEA46314DF5}.Debug|Any CPU.Build.0 = Debug|Any CPU
		{5C6D1D3A-4A8D-4988-AEA2-7CEA46314DF5}.Release|Any CPU.ActiveCfg = Release|Any CPU
		{5C6D1D3A-4A8D-4988-AEA2-7CEA46314DF5}.Release|Any CPU.Build.0 = Release|Any CPU
	EndGlobalSection
	GlobalSection(SolutionProperties) = preSolution
		HideSolutionNode = FALSE
	EndGlobalSection
	GlobalSection(ExtensibilityGlobals) = postSolution
		SolutionGuid = {5429E907-15FF-4816-82DF-1642685203F5}
	EndGlobalSection
EndGlobal
